PODS:
  - awesome_notifications (0.0.1):
    - FlutterMacOS
  - Firebase/CoreOnly (12.2.0):
    - FirebaseCore (~> 12.2.0)
  - Firebase/Database (12.2.0):
    - Firebase/CoreOnly
    - FirebaseDatabase (~> 12.2.0)
  - firebase_analytics (12.0.2):
    - firebase_core
    - FirebaseAnalytics (= 12.2.0)
    - FlutterMacOS
  - firebase_core (4.1.1):
    - Firebase/CoreOnly (~> 12.2.0)
    - FlutterMacOS
  - firebase_database (12.0.2):
    - Firebase/CoreOnly (~> 12.2.0)
    - Firebase/Database (~> 12.2.0)
    - firebase_core
    - FlutterMacOS
  - FirebaseAnalytics (12.2.0):
    - FirebaseAnalytics/Default (= 12.2.0)
    - FirebaseCore (~> 12.2.0)
    - FirebaseInstallations (~> 12.2.0)
    - GoogleUtilities/AppDelegateSwizzler (~> 8.1)
    - GoogleUtilities/MethodSwizzler (~> 8.1)
    - GoogleUtilities/Network (~> 8.1)
    - "GoogleUtilities/NSData+zlib (~> 8.1)"
    - nanopb (~> 3.30910.0)
  - FirebaseAnalytics/Default (12.2.0):
    - FirebaseCore (~> 12.2.0)
    - FirebaseInstallations (~> 12.2.0)
    - GoogleAppMeasurement/Default (= 12.2.0)
    - GoogleUtilities/AppDelegateSwizzler (~> 8.1)
    - GoogleUtilities/MethodSwizzler (~> 8.1)
    - GoogleUtilities/Network (~> 8.1)
    - "GoogleUtilities/NSData+zlib (~> 8.1)"
    - nanopb (~> 3.30910.0)
  - FirebaseAppCheckInterop (12.2.0)
  - FirebaseCore (12.2.0):
    - FirebaseCoreInternal (~> 12.2.0)
    - GoogleUtilities/Environment (~> 8.1)
    - GoogleUtilities/Logger (~> 8.1)
  - FirebaseCoreInternal (12.2.0):
    - "GoogleUtilities/NSData+zlib (~> 8.1)"
  - FirebaseDatabase (12.2.0):
    - FirebaseAppCheckInterop (~> 12.2.0)
    - FirebaseCore (~> 12.2.0)
    - FirebaseSharedSwift (~> 12.2.0)
    - GoogleUtilities/UserDefaults (~> 8.1)
    - leveldb-library (~> 1.22)
  - FirebaseInstallations (12.2.0):
    - FirebaseCore (~> 12.2.0)
    - GoogleUtilities/Environment (~> 8.1)
    - GoogleUtilities/UserDefaults (~> 8.1)
    - PromisesObjC (~> 2.4)
  - FirebaseSharedSwift (12.2.0)
  - FlutterMacOS (1.0.0)
  - GoogleAppMeasurement/Core (12.2.0):
    - GoogleUtilities/AppDelegateSwizzler (~> 8.1)
    - GoogleUtilities/MethodSwizzler (~> 8.1)
    - GoogleUtilities/Network (~> 8.1)
    - "GoogleUtilities/NSData+zlib (~> 8.1)"
    - nanopb (~> 3.30910.0)
  - GoogleAppMeasurement/Default (12.2.0):
    - GoogleAdsOnDeviceConversion (= 2.3.0)
    - GoogleAppMeasurement/Core (= 12.2.0)
    - GoogleAppMeasurement/IdentitySupport (= 12.2.0)
    - GoogleUtilities/AppDelegateSwizzler (~> 8.1)
    - GoogleUtilities/MethodSwizzler (~> 8.1)
    - GoogleUtilities/Network (~> 8.1)
    - "GoogleUtilities/NSData+zlib (~> 8.1)"
    - nanopb (~> 3.30910.0)
  - GoogleAppMeasurement/IdentitySupport (12.2.0):
    - GoogleAppMeasurement/Core (= 12.2.0)
    - GoogleUtilities/AppDelegateSwizzler (~> 8.1)
    - GoogleUtilities/MethodSwizzler (~> 8.1)
    - GoogleUtilities/Network (~> 8.1)
    - "GoogleUtilities/NSData+zlib (~> 8.1)"
    - nanopb (~> 3.30910.0)
  - GoogleUtilities/AppDelegateSwizzler (8.1.0):
    - GoogleUtilities/Environment
    - GoogleUtilities/Logger
    - GoogleUtilities/Network
    - GoogleUtilities/Privacy
  - GoogleUtilities/Environment (8.1.0):
    - GoogleUtilities/Privacy
  - GoogleUtilities/Logger (8.1.0):
    - GoogleUtilities/Environment
    - GoogleUtilities/Privacy
  - GoogleUtilities/MethodSwizzler (8.1.0):
    - GoogleUtilities/Logger
    - GoogleUtilities/Privacy
  - GoogleUtilities/Network (8.1.0):
    - GoogleUtilities/Logger
    - "GoogleUtilities/NSData+zlib"
    - GoogleUtilities/Privacy
    - GoogleUtilities/Reachability
  - "GoogleUtilities/NSData+zlib (8.1.0)":
    - GoogleUtilities/Privacy
  - GoogleUtilities/Privacy (8.1.0)
  - GoogleUtilities/Reachability (8.1.0):
    - GoogleUtilities/Logger
    - GoogleUtilities/Privacy
  - GoogleUtilities/UserDefaults (8.1.0):
    - GoogleUtilities/Logger
    - GoogleUtilities/Privacy
  - in_app_review (2.0.0):
    - FlutterMacOS
  - leveldb-library (1.22.6)
  - nanopb (3.30910.0):
    - nanopb/decode (= 3.30910.0)
    - nanopb/encode (= 3.30910.0)
  - nanopb/decode (3.30910.0)
  - nanopb/encode (3.30910.0)
  - package_info_plus (0.0.1):
    - FlutterMacOS
  - path_provider_foundation (0.0.1):
    - Flutter
    - FlutterMacOS
  - PromisesObjC (2.4.0)
  - share_plus (0.0.1):
    - FlutterMacOS
  - shared_preferences_foundation (0.0.1):
    - Flutter
    - FlutterMacOS
  - url_launcher_macos (0.0.1):
    - FlutterMacOS

DEPENDENCIES:
  - awesome_notifications (from `Flutter/ephemeral/.symlinks/plugins/awesome_notifications/macos`)
  - firebase_analytics (from `Flutter/ephemeral/.symlinks/plugins/firebase_analytics/macos`)
  - firebase_core (from `Flutter/ephemeral/.symlinks/plugins/firebase_core/macos`)
  - firebase_database (from `Flutter/ephemeral/.symlinks/plugins/firebase_database/macos`)
  - FlutterMacOS (from `Flutter/ephemeral`)
  - in_app_review (from `Flutter/ephemeral/.symlinks/plugins/in_app_review/macos`)
  - package_info_plus (from `Flutter/ephemeral/.symlinks/plugins/package_info_plus/macos`)
  - path_provider_foundation (from `Flutter/ephemeral/.symlinks/plugins/path_provider_foundation/darwin`)
  - share_plus (from `Flutter/ephemeral/.symlinks/plugins/share_plus/macos`)
  - shared_preferences_foundation (from `Flutter/ephemeral/.symlinks/plugins/shared_preferences_foundation/darwin`)
  - url_launcher_macos (from `Flutter/ephemeral/.symlinks/plugins/url_launcher_macos/macos`)

SPEC REPOS:
  trunk:
    - Firebase
    - FirebaseAnalytics
    - FirebaseAppCheckInterop
    - FirebaseCore
    - FirebaseCoreInternal
    - FirebaseDatabase
    - FirebaseInstallations
    - FirebaseSharedSwift
    - GoogleAppMeasurement
    - GoogleUtilities
    - leveldb-library
    - nanopb
    - PromisesObjC

EXTERNAL SOURCES:
  awesome_notifications:
    :path: Flutter/ephemeral/.symlinks/plugins/awesome_notifications/macos
  firebase_analytics:
    :path: Flutter/ephemeral/.symlinks/plugins/firebase_analytics/macos
  firebase_core:
    :path: Flutter/ephemeral/.symlinks/plugins/firebase_core/macos
  firebase_database:
    :path: Flutter/ephemeral/.symlinks/plugins/firebase_database/macos
  FlutterMacOS:
    :path: Flutter/ephemeral
  in_app_review:
    :path: Flutter/ephemeral/.symlinks/plugins/in_app_review/macos
  package_info_plus:
    :path: Flutter/ephemeral/.symlinks/plugins/package_info_plus/macos
  path_provider_foundation:
    :path: Flutter/ephemeral/.symlinks/plugins/path_provider_foundation/darwin
  share_plus:
    :path: Flutter/ephemeral/.symlinks/plugins/share_plus/macos
  shared_preferences_foundation:
    :path: Flutter/ephemeral/.symlinks/plugins/shared_preferences_foundation/darwin
  url_launcher_macos:
    :path: Flutter/ephemeral/.symlinks/plugins/url_launcher_macos/macos

SPEC CHECKSUMS:
  awesome_notifications: 7818a3dbad4836238a68df439c06981d9f0b276c
  Firebase: 26f6f8d460603af3df970ad505b16b15f5e2e9a1
  firebase_analytics: 26346c2ccb9ba410c2f33d5d34c62e6369cbbf29
  firebase_core: 54fd706197e1779d510b297548eee74d3b39577c
  firebase_database: b9578353f2cbc358210359a213857b3e9603e12d
  FirebaseAnalytics: e04e23bc070e3014aa5cf4980f9df7ce5cd79ec8
  FirebaseAppCheckInterop: a1b2598c64c5a8c42fd6f6a1c3d0938ae4324678
  FirebaseCore: 311c48a147ad4a0ab7febbaed89e8025c67510cd
  FirebaseCoreInternal: 56ea29f3dad2894f81b060f706f9d53509b6ed3b
  FirebaseDatabase: d7f6b8dc187fe7e72db1c1e2b03a7611d8ec2813
  FirebaseInstallations: 3e884b01feabdf67582a80f3250425a00979b4ed
  FirebaseSharedSwift: 52d868d4c269fcb4e4e1310c548435a9c1f46e25
  FlutterMacOS: d0db08ddef1a9af05a5ec4b724367152bb0500b1
  GoogleAppMeasurement: 09f341dfa8527d1612a09cbfe809a242c0b737af
  GoogleUtilities: 00c88b9a86066ef77f0da2fab05f65d7768ed8e1
  in_app_review: f22c82bbf846b320935e7a431e17cc88c3729a7c
  leveldb-library: cc8b8f8e013647a295ad3f8cd2ddf49a6f19be19
  nanopb: fad817b59e0457d11a5dfbde799381cd727c1275
  package_info_plus: f0052d280d17aa382b932f399edf32507174e870
  path_provider_foundation: 080d55be775b7414fd5a5ef3ac137b97b097e564
  PromisesObjC: f5707f49cb48b9636751c5b2e7d227e43fba9f47
  share_plus: 510bf0af1a42cd602274b4629920c9649c52f4cc
  shared_preferences_foundation: 9e1978ff2562383bd5676f64ec4e9aa8fa06a6f7
  url_launcher_macos: 0fba8ddabfc33ce0a9afe7c5fef5aab3d8d2d673

PODFILE CHECKSUM: 686352462aa35bc3742cd0ba5f5f22982a80a20d

COCOAPODS: 1.16.2
